{
  "name": "shopify-starter-theme",
  "version": "1.0-beta",
  "lockfileVersion": 1,
  "requires": true,
  "dependencies": {
    "@shopify/theme-predictive-search": {
      "version": "3.0.3",
      "resolved": "https://registry.npmjs.org/@shopify/theme-predictive-search/-/theme-predictive-search-3.0.3.tgz",
      "integrity": "sha512-IeecXIInxjSnkxxmAVIu7EgrNYm9d7Eoe2EXS3hLhTnoIzohpOrhNEdoI5zxMFdpDR1REsVtT5t6tpQeJ1CMLg==",
      "dev": true
    }
  }
}
